Microsoft Visual Studio Solution File, Format Version 12.00
# Visual Studio 2012
Project("{FAE04EC0-301F-11D3-BF4B-00C04F79EFBC}") = "SQLServerDatabaseDeployer", "SQLServerDatabaseDeployer.csproj", "{FAB2D231-2682-497C-8888-FDF217C42694}"
EndProject
Global
	GlobalSection(SolutionConfigurationPlatforms) = preSolution
	Debug|Any CPU = Debug|Any CPU
	ExportDebug|Any CPU = ExportDebug|Any CPU
	ExportRelease|Any CPU = ExportRelease|Any CPU
	EndGlobalSection
	GlobalSection(ProjectConfigurationPlatforms) = postSolution
		{FAB2D231-2682-497C-8888-FDF217C42694}.Debug|Any CPU.ActiveCfg = Debug|Any CPU
		{FAB2D231-2682-497C-8888-FDF217C42694}.Debug|Any CPU.Build.0 = Debug|Any CPU
		{FAB2D231-2682-497C-8888-FDF217C42694}.ExportDebug|Any CPU.ActiveCfg = ExportDebug|Any CPU
		{FAB2D231-2682-497C-8888-FDF217C42694}.ExportDebug|Any CPU.Build.0 = ExportDebug|Any CPU
		{FAB2D231-2682-497C-8888-FDF217C42694}.ExportRelease|Any CPU.ActiveCfg = ExportRelease|Any CPU
		{FAB2D231-2682-497C-8888-FDF217C42694}.ExportRelease|Any CPU.Build.0 = ExportRelease|Any CPU
	EndGlobalSection
EndGlobal
